// !$*UTF8*$!
{
	archiveVersion = 1;
	classes = {
	};
	objectVersion = 77;
	objects = {

/* Begin PBXFileReference section */
		9ED2F4442FFEB1DE00E783FB /* app.py */ = {isa = PBXFileReference; lastKnownFileType = text.script.python; path = app.py; sourceTree = "<group>"; };
		9ED2F4452FFEB21300E783FB /* wav_cleaner.py */ = {isa = PBXFileReference; lastKnownFileType = text.script.python; path = wav_cleaner.py; sourceTree = "<group>"; };
		9ED2F4462FFEB26600E783FB /* requirements.txt */ = {isa = PBXFileReference; lastKnownFileType = text; path = requirements.txt; sourceTree = "<group>"; };
		9ED2F4472FFEB27000E783FB /* build.py */ = {isa = PBXFileReference; lastKnownFileType = text.script.python; path = build.py; sourceTree = "<group>"; };
/* End PBXFileReference section */

/* Begin PBXFileSystemSynchronizedRootGroup section */
		9ED2F44B2FFEB9EF00E783FB /* .github */ = {
			isa = PBXFileSystemSynchronizedRootGroup;
			path = .github;
			sourceTree = "<group>";
		};
/* End PBXFileSystemSynchronizedRootGroup section */

/* Begin PBXGroup section */
		9ED2F43D2FFEB1C200E783FB = {
			isa = PBXGroup;
			children = (
				9ED2F44B2FFEB9EF00E783FB /* .github */,
				9ED2F4442FFEB1DE00E783FB /* app.py */,
				9ED2F4452FFEB21300E783FB /* wav_cleaner.py */,
				9ED2F4462FFEB26600E783FB /* requirements.txt */,
				9ED2F4472FFEB27000E783FB /* build.py */,
			);
			sourceTree = "<group>";
		};
/* End PBXGroup section */

/* Begin PBXProject section */
		9ED2F43E2FFEB1C200E783FB /* Project object */ = {
			isa = PBXProject;
			attributes = {
				BuildIndependentTargetsInParallel = 1;
				LastUpgradeCheck = 2640;
			};
			buildConfigurationList = 9ED2F4412FFEB1C200E783FB /* Build configuration list for PBXProject "loop points cleaner" */;
			developmentRegion = en;
			hasScannedForEncodings = 0;
			knownRegions = (
				en,
				Base,
			);
			mainGroup = 9ED2F43D2FFEB1C200E783FB;
			minimizedProjectReferenceProxies = 1;
			preferredProjectObjectVersion = 77;
			projectDirPath = "";
			projectRoot = "";
			targets = (
			);
		};
/* End PBXProject section */

/* Begin XCBuildConfiguration section */
		9ED2F4422FFEB1C200E783FB /* Debug */ = {
			isa = XCBuildConfiguration;
			buildSettings = {
			};
			name = Debug;
		};
		9ED2F4432FFEB1C200E783FB /* Release */ = {
			isa = XCBuildConfiguration;
			buildSettings = {
			};
			name = Release;
		};
/* End XCBuildConfiguration section */

/* Begin XCConfigurationList section */
		9ED2F4412FFEB1C200E783FB /* Build configuration list for PBXProject "loop points cleaner" */ = {
			isa = XCConfigurationList;
			buildConfigurations = (
				9ED2F4422FFEB1C200E783FB /* Debug */,
				9ED2F4432FFEB1C200E783FB /* Release */,
			);
			defaultConfigurationIsVisible = 0;
			defaultConfigurationName = Release;
		};
/* End XCConfigurationList section */
	};
	rootObject = 9ED2F43E2FFEB1C200E783FB /* Project object */;
}
